
Microsoft Visual Studio Solution File, Format Version 12.00
# Visual Studio Version 17
VisualStudioVersion = 17.8.34004.107
MinimumVisualStudioVersion = 10.0.40219.1
Project("{2150E333-8FDC-42A3-9474-1A3956D46DE8}") = "Services", "Services", "{46C386CB-8D79-4F2B-8F5E-9E9CC9E010CF}"
EndProject
Project("{2150E333-8FDC-42A3-9474-1A3956D46DE8}") = "Catalog", "Catalog", "{30DF6C23-3242-4E36-86D2-5FA773AAAF47}"
EndProject
Project("{9A19103F-16F7-4668-BE54-9A1E7A4F7556}") = "MultiShop.Catalog", "Services\Catalog\MultiShop.Catalog\MultiShop.Catalog.csproj", "{9591C2E1-E941-4AC7-ACB7-2F156E70651B}"
EndProject
Project("{2150E333-8FDC-42A3-9474-1A3956D46DE8}") = "Discount", "Discount", "{72838F3F-20D7-4DFF-8CE9-0BC778F4BBED}"
EndProject
Project("{9A19103F-16F7-4668-BE54-9A1E7A4F7556}") = "MultiShop.Discount", "Services\Discount\MultiShop.Discount\MultiShop.Discount.csproj", "{3BEEC9BD-9FFC-40A7-B51D-AA9A08BC619B}"
EndProject
Project("{2150E333-8FDC-42A3-9474-1A3956D46DE8}") = "Order", "Order", "{323BD32E-4AE5-4284-9BA3-F87015426659}"
EndProject
Project("{2150E333-8FDC-42A3-9474-1A3956D46DE8}") = "Core", "Core", "{AFE2F978-4DA8-4404-B192-70DBEDD3BA8F}"
EndProject
Project("{2150E333-8FDC-42A3-9474-1A3956D46DE8}") = "Infrastructure", "Infrastructure", "{058C8F4D-48AE-443B-B389-0EAB1595A76B}"
EndProject
Project("{2150E333-8FDC-42A3-9474-1A3956D46DE8}") = "Presentation", "Presentation", "{0C383063-B01A-450A-B086-4C8A94DA287F}"
EndProject
Project("{9A19103F-16F7-4668-BE54-9A1E7A4F7556}") = "MultiShop.Order.Domain", "Services\Order\Core\MultiShop.Order.Domain\MultiShop.Order.Domain.csproj", "{118AD784-F4C3-4EB4-B010-AE2321466736}"
EndProject
Project("{9A19103F-16F7-4668-BE54-9A1E7A4F7556}") = "MultiShop.Order.Application", "Services\Order\Core\MultiShop.Order.Application\MultiShop.Order.Application.csproj", "{8AAC39B8-E6A8-4A94-B464-9D5B2A8767BD}"
EndProject
Project("{9A19103F-16F7-4668-BE54-9A1E7A4F7556}") = "MultiShop.Order.Persistence", "Services\Order\Infrastructure\MultiShop.Order.Persistence\MultiShop.Order.Persistence.csproj", "{ADC1E4CE-566D-42D0-BC3A-B83A9952608A}"
EndProject
Project("{9A19103F-16F7-4668-BE54-9A1E7A4F7556}") = "MultiShop.Order.WebApi", "Services\Order\Presentation\MultiShop.Order.WebApi\MultiShop.Order.WebApi.csproj", "{6534D32C-BFB7-4A2A-872C-26E8FACE242D}"
EndProject
Project("{2150E333-8FDC-42A3-9474-1A3956D46DE8}") = "IdentityServer", "IdentityServer", "{B6B82656-596D-4579-AAC5-FD9837381634}"
EndProject
Project("{9A19103F-16F7-4668-BE54-9A1E7A4F7556}") = "MultiShop.IdentityServer", "IdentityServer\MultiShop.IdentityServer\MultiShop.IdentityServer.csproj", "{93BBA094-02E0-4AE1-8FD8-0BB8255C52AB}"
EndProject
Project("{2150E333-8FDC-42A3-9474-1A3956D46DE8}") = "Requirements", "Requirements", "{7C301EF9-A0B1-4841-8BB7-AECD9C6E5811}"
	ProjectSection(SolutionItems) = preProject
		PortNumbers.txt = PortNumbers.txt
	EndProjectSection
EndProject
Project("{2150E333-8FDC-42A3-9474-1A3956D46DE8}") = "Cargo", "Cargo", "{614F38F8-458B-4F71-8BD8-BDB2EA7186DC}"
EndProject
Project("{9A19103F-16F7-4668-BE54-9A1E7A4F7556}") = "MultiShop.Cargo.EntityLayer", "Services\Cargo\MultiShop.Cargo.EntityLayer\MultiShop.Cargo.EntityLayer.csproj", "{FDB13700-B04F-4265-94FB-7CF8B1B5985D}"
EndProject
Project("{9A19103F-16F7-4668-BE54-9A1E7A4F7556}") = "MultiShop.Cargo.BusinessLayer", "Services\Cargo\MultiShop.Cargo.BusinessLayer\MultiShop.Cargo.BusinessLayer.csproj", "{00DF4427-5FD5-486D-80EA-F1F6045EF228}"
EndProject
Project("{9A19103F-16F7-4668-BE54-9A1E7A4F7556}") = "MultiShop.Cargo.DataAccessLayer", "Services\Cargo\MultiShop.Cargo.DataAccessLayer\MultiShop.Cargo.DataAccessLayer.csproj", "{8F5DB49C-6F56-4C1E-B095-E68A1CB095E3}"
EndProject
Project("{9A19103F-16F7-4668-BE54-9A1E7A4F7556}") = "MultiShop.Cargo.DtoLayer", "Services\Cargo\MultiShop.Cargo.DtoLayer\MultiShop.Cargo.DtoLayer.csproj", "{E1B005B5-8DC2-4CAB-B1B1-DB71C588E42F}"
EndProject
Project("{9A19103F-16F7-4668-BE54-9A1E7A4F7556}") = "MultiShop.Cargo.WebApi", "Services\Cargo\MultiShop.Cargo.WebApi\MultiShop.Cargo.WebApi.csproj", "{7B4A44F0-723F-4B5E-B8F8-E4043799CC2D}"
EndProject
Project("{2150E333-8FDC-42A3-9474-1A3956D46DE8}") = "Basket", "Basket", "{138DC070-BC1C-4370-82DA-26F8227C6495}"
EndProject
Project("{9A19103F-16F7-4668-BE54-9A1E7A4F7556}") = "MultiShop.Basket", "Services\Basket\MultiShop.Basket\MultiShop.Basket.csproj", "{F52316FF-1846-4C8A-BE46-7BAE8F7FD936}"
EndProject
Project("{2150E333-8FDC-42A3-9474-1A3956D46DE8}") = "Frontends", "Frontends", "{FF51192E-88B3-490C-94D2-C60B1E52EBDB}"
EndProject
Project("{9A19103F-16F7-4668-BE54-9A1E7A4F7556}") = "MultiShop.WebUI", "Frontends\MultiShop.WebUI\MultiShop.WebUI.csproj", "{5B9DD9F6-09BA-48F4-8728-FC0993B9A122}"
EndProject
Project("{9A19103F-16F7-4668-BE54-9A1E7A4F7556}") = "MultiShop.DtoLayer", "Frontends\MultiShop.DtoLayer\MultiShop.DtoLayer.csproj", "{5787014B-A1FD-4F7A-848C-5EEEA1F483F1}"
EndProject
Project("{2150E333-8FDC-42A3-9474-1A3956D46DE8}") = "Comment", "Comment", "{CA08869A-8571-4AAC-86E3-B15E749D712E}"
EndProject
Project("{9A19103F-16F7-4668-BE54-9A1E7A4F7556}") = "MultiShop.Comment", "Services\Comment\MultiShop.Comment\MultiShop.Comment.csproj", "{3A3150AC-5C74-483A-B349-E832FDDA9CDB}"
EndProject
Project("{2150E333-8FDC-42A3-9474-1A3956D46DE8}") = "ApiGateway", "ApiGateway", "{B12E9305-5B28-495F-AE6C-8BA3BAFC2273}"
EndProject
Project("{2150E333-8FDC-42A3-9474-1A3956D46DE8}") = "RapidApi", "RapidApi", "{9F8D52C2-2C15-40E6-821D-4014F42C847B}"
EndProject
Global
	GlobalSection(SolutionConfigurationPlatforms) = preSolution
		Debug|Any CPU = Debug|Any CPU
		Release|Any CPU = Release|Any CPU
	EndGlobalSection
	GlobalSection(ProjectConfigurationPlatforms) = postSolution
		{9591C2E1-E941-4AC7-ACB7-2F156E70651B}.Debug|Any CPU.ActiveCfg = Debug|Any CPU
		{9591C2E1-E941-4AC7-ACB7-2F156E70651B}.Debug|Any CPU.Build.0 = Debug|Any CPU
		{9591C2E1-E941-4AC7-ACB7-2F156E70651B}.Release|Any CPU.ActiveCfg = Release|Any CPU
		{9591C2E1-E941-4AC7-ACB7-2F156E70651B}.Release|Any CPU.Build.0 = Release|Any CPU
		{3BEEC9BD-9FFC-40A7-B51D-AA9A08BC619B}.Debug|Any CPU.ActiveCfg = Debug|Any CPU
		{3BEEC9BD-9FFC-40A7-B51D-AA9A08BC619B}.Debug|Any CPU.Build.0 = Debug|Any CPU
		{3BEEC9BD-9FFC-40A7-B51D-AA9A08BC619B}.Release|Any CPU.ActiveCfg = Release|Any CPU
		{3BEEC9BD-9FFC-40A7-B51D-AA9A08BC619B}.Release|Any CPU.Build.0 = Release|Any CPU
		{118AD784-F4C3-4EB4-B010-AE2321466736}.Debug|Any CPU.ActiveCfg = Debug|Any CPU
		{118AD784-F4C3-4EB4-B010-AE2321466736}.Debug|Any CPU.Build.0 = Debug|Any CPU
		{118AD784-F4C3-4EB4-B010-AE2321466736}.Release|Any CPU.ActiveCfg = Release|Any CPU
		{118AD784-F4C3-4EB4-B010-AE2321466736}.Release|Any CPU.Build.0 = Release|Any CPU
		{8AAC39B8-E6A8-4A94-B464-9D5B2A8767BD}.Debug|Any CPU.ActiveCfg = Debug|Any CPU
		{8AAC39B8-E6A8-4A94-B464-9D5B2A8767BD}.Debug|Any CPU.Build.0 = Debug|Any CPU
		{8AAC39B8-E6A8-4A94-B464-9D5B2A8767BD}.Release|Any CPU.ActiveCfg = Release|Any CPU
		{8AAC39B8-E6A8-4A94-B464-9D5B2A8767BD}.Release|Any CPU.Build.0 = Release|Any CPU
		{ADC1E4CE-566D-42D0-BC3A-B83A9952608A}.Debug|Any CPU.ActiveCfg = Debug|Any CPU
		{ADC1E4CE-566D-42D0-BC3A-B83A9952608A}.Debug|Any CPU.Build.0 = Debug|Any CPU
		{ADC1E4CE-566D-42D0-BC3A-B83A9952608A}.Release|Any CPU.ActiveCfg = Release|Any CPU
		{ADC1E4CE-566D-42D0-BC3A-B83A9952608A}.Release|Any CPU.Build.0 = Release|Any CPU
		{6534D32C-BFB7-4A2A-872C-26E8FACE242D}.Debug|Any CPU.ActiveCfg = Debug|Any CPU
		{6534D32C-BFB7-4A2A-872C-26E8FACE242D}.Debug|Any CPU.Build.0 = Debug|Any CPU
		{6534D32C-BFB7-4A2A-872C-26E8FACE242D}.Release|Any CPU.ActiveCfg = Release|Any CPU
		{6534D32C-BFB7-4A2A-872C-26E8FACE242D}.Release|Any CPU.Build.0 = Release|Any CPU
		{93BBA094-02E0-4AE1-8FD8-0BB8255C52AB}.Debug|Any CPU.ActiveCfg = Debug|Any CPU
		{93BBA094-02E0-4AE1-8FD8-0BB8255C52AB}.Debug|Any CPU.Build.0 = Debug|Any CPU
		{93BBA094-02E0-4AE1-8FD8-0BB8255C52AB}.Release|Any CPU.ActiveCfg = Release|Any CPU
		{93BBA094-02E0-4AE1-8FD8-0BB8255C52AB}.Release|Any CPU.Build.0 = Release|Any CPU
		{FDB13700-B04F-4265-94FB-7CF8B1B5985D}.Debug|Any CPU.ActiveCfg = Debug|Any CPU
		{FDB13700-B04F-4265-94FB-7CF8B1B5985D}.Debug|Any CPU.Build.0 = Debug|Any CPU
		{FDB13700-B04F-4265-94FB-7CF8B1B5985D}.Release|Any CPU.ActiveCfg = Release|Any CPU
		{FDB13700-B04F-4265-94FB-7CF8B1B5985D}.Release|Any CPU.Build.0 = Release|Any CPU
		{00DF4427-5FD5-486D-80EA-F1F6045EF228}.Debug|Any CPU.ActiveCfg = Debug|Any CPU
		{00DF4427-5FD5-486D-80EA-F1F6045EF228}.Debug|Any CPU.Build.0 = Debug|Any CPU
		{00DF4427-5FD5-486D-80EA-F1F6045EF228}.Release|Any CPU.ActiveCfg = Release|Any CPU
		{00DF4427-5FD5-486D-80EA-F1F6045EF228}.Release|Any CPU.Build.0 = Release|Any CPU
		{8F5DB49C-6F56-4C1E-B095-E68A1CB095E3}.Debug|Any CPU.ActiveCfg = Debug|Any CPU
		{8F5DB49C-6F56-4C1E-B095-E68A1CB095E3}.Debug|Any CPU.Build.0 = Debug|Any CPU
		{8F5DB49C-6F56-4C1E-B095-E68A1CB095E3}.Release|Any CPU.ActiveCfg = Release|Any CPU
		{8F5DB49C-6F56-4C1E-B095-E68A1CB095E3}.Release|Any CPU.Build.0 = Release|Any CPU
		{E1B005B5-8DC2-4CAB-B1B1-DB71C588E42F}.Debug|Any CPU.ActiveCfg = Debug|Any CPU
		{E1B005B5-8DC2-4CAB-B1B1-DB71C588E42F}.Debug|Any CPU.Build.0 = Debug|Any CPU
		{E1B005B5-8DC2-4CAB-B1B1-DB71C588E42F}.Release|Any CPU.ActiveCfg = Release|Any CPU
		{E1B005B5-8DC2-4CAB-B1B1-DB71C588E42F}.Release|Any CPU.Build.0 = Release|Any CPU
		{7B4A44F0-723F-4B5E-B8F8-E4043799CC2D}.Debug|Any CPU.ActiveCfg = Debug|Any CPU
		{7B4A44F0-723F-4B5E-B8F8-E4043799CC2D}.Debug|Any CPU.Build.0 = Debug|Any CPU
		{7B4A44F0-723F-4B5E-B8F8-E4043799CC2D}.Release|Any CPU.ActiveCfg = Release|Any CPU
		{7B4A44F0-723F-4B5E-B8F8-E4043799CC2D}.Release|Any CPU.Build.0 = Release|Any CPU
		{F52316FF-1846-4C8A-BE46-7BAE8F7FD936}.Debug|Any CPU.ActiveCfg = Debug|Any CPU
		{F52316FF-1846-4C8A-BE46-7BAE8F7FD936}.Debug|Any CPU.Build.0 = Debug|Any CPU
		{F52316FF-1846-4C8A-BE46-7BAE8F7FD936}.Release|Any CPU.ActiveCfg = Release|Any CPU
		{F52316FF-1846-4C8A-BE46-7BAE8F7FD936}.Release|Any CPU.Build.0 = Release|Any CPU
		{5B9DD9F6-09BA-48F4-8728-FC0993B9A122}.Debug|Any CPU.ActiveCfg = Debug|Any CPU
		{5B9DD9F6-09BA-48F4-8728-FC0993B9A122}.Debug|Any CPU.Build.0 = Debug|Any CPU
		{5B9DD9F6-09BA-48F4-8728-FC0993B9A122}.Release|Any CPU.ActiveCfg = Release|Any CPU
		{5B9DD9F6-09BA-48F4-8728-FC0993B9A122}.Release|Any CPU.Build.0 = Release|Any CPU
		{5787014B-A1FD-4F7A-848C-5EEEA1F483F1}.Debug|Any CPU.ActiveCfg = Debug|Any CPU
		{5787014B-A1FD-4F7A-848C-5EEEA1F483F1}.Debug|Any CPU.Build.0 = Debug|Any CPU
		{5787014B-A1FD-4F7A-848C-5EEEA1F483F1}.Release|Any CPU.ActiveCfg = Release|Any CPU
		{5787014B-A1FD-4F7A-848C-5EEEA1F483F1}.Release|Any CPU.Build.0 = Release|Any CPU
		{3A3150AC-5C74-483A-B349-E832FDDA9CDB}.Debug|Any CPU.ActiveCfg = Debug|Any CPU
		{3A3150AC-5C74-483A-B349-E832FDDA9CDB}.Debug|Any CPU.Build.0 = Debug|Any CPU
		{3A3150AC-5C74-483A-B349-E832FDDA9CDB}.Release|Any CPU.ActiveCfg = Release|Any CPU
		{3A3150AC-5C74-483A-B349-E832FDDA9CDB}.Release|Any CPU.Build.0 = Release|Any CPU
	EndGlobalSection
	GlobalSection(SolutionProperties) = preSolution
		HideSolutionNode = FALSE
	EndGlobalSection
	GlobalSection(NestedProjects) = preSolution
		{30DF6C23-3242-4E36-86D2-5FA773AAAF47} = {46C386CB-8D79-4F2B-8F5E-9E9CC9E010CF}
		{9591C2E1-E941-4AC7-ACB7-2F156E70651B} = {30DF6C23-3242-4E36-86D2-5FA773AAAF47}
		{72838F3F-20D7-4DFF-8CE9-0BC778F4BBED} = {46C386CB-8D79-4F2B-8F5E-9E9CC9E010CF}
		{3BEEC9BD-9FFC-40A7-B51D-AA9A08BC619B} = {72838F3F-20D7-4DFF-8CE9-0BC778F4BBED}
		{323BD32E-4AE5-4284-9BA3-F87015426659} = {46C386CB-8D79-4F2B-8F5E-9E9CC9E010CF}
		{AFE2F978-4DA8-4404-B192-70DBEDD3BA8F} = {323BD32E-4AE5-4284-9BA3-F87015426659}
		{058C8F4D-48AE-443B-B389-0EAB1595A76B} = {323BD32E-4AE5-4284-9BA3-F87015426659}
		{0C383063-B01A-450A-B086-4C8A94DA287F} = {323BD32E-4AE5-4284-9BA3-F87015426659}
		{118AD784-F4C3-4EB4-B010-AE2321466736} = {AFE2F978-4DA8-4404-B192-70DBEDD3BA8F}
		{8AAC39B8-E6A8-4A94-B464-9D5B2A8767BD} = {AFE2F978-4DA8-4404-B192-70DBEDD3BA8F}
		{ADC1E4CE-566D-42D0-BC3A-B83A9952608A} = {058C8F4D-48AE-443B-B389-0EAB1595A76B}
		{6534D32C-BFB7-4A2A-872C-26E8FACE242D} = {0C383063-B01A-450A-B086-4C8A94DA287F}
		{93BBA094-02E0-4AE1-8FD8-0BB8255C52AB} = {B6B82656-596D-4579-AAC5-FD9837381634}
		{614F38F8-458B-4F71-8BD8-BDB2EA7186DC} = {46C386CB-8D79-4F2B-8F5E-9E9CC9E010CF}
		{FDB13700-B04F-4265-94FB-7CF8B1B5985D} = {614F38F8-458B-4F71-8BD8-BDB2EA7186DC}
		{00DF4427-5FD5-486D-80EA-F1F6045EF228} = {614F38F8-458B-4F71-8BD8-BDB2EA7186DC}
		{8F5DB49C-6F56-4C1E-B095-E68A1CB095E3} = {614F38F8-458B-4F71-8BD8-BDB2EA7186DC}
		{E1B005B5-8DC2-4CAB-B1B1-DB71C588E42F} = {614F38F8-458B-4F71-8BD8-BDB2EA7186DC}
		{7B4A44F0-723F-4B5E-B8F8-E4043799CC2D} = {614F38F8-458B-4F71-8BD8-BDB2EA7186DC}
		{138DC070-BC1C-4370-82DA-26F8227C6495} = {46C386CB-8D79-4F2B-8F5E-9E9CC9E010CF}
		{F52316FF-1846-4C8A-BE46-7BAE8F7FD936} = {138DC070-BC1C-4370-82DA-26F8227C6495}
		{5B9DD9F6-09BA-48F4-8728-FC0993B9A122} = {FF51192E-88B3-490C-94D2-C60B1E52EBDB}
		{5787014B-A1FD-4F7A-848C-5EEEA1F483F1} = {FF51192E-88B3-490C-94D2-C60B1E52EBDB}
		{CA08869A-8571-4AAC-86E3-B15E749D712E} = {46C386CB-8D79-4F2B-8F5E-9E9CC9E010CF}
		{3A3150AC-5C74-483A-B349-E832FDDA9CDB} = {CA08869A-8571-4AAC-86E3-B15E749D712E}
	EndGlobalSection
	GlobalSection(ExtensibilityGlobals) = postSolution
		SolutionGuid = {16313DEE-DFD9-4992-8784-2D491B7F82E4}
	EndGlobalSection
EndGlobal
